{
    "name": "@rbxts/promise-character",
    "version": "1.0.0",
    "lockfileVersion": 2,
    "requires": true,
    "packages": {
        "": {
            "name": "@rbxts/promise-character",
            "version": "1.0.0",
            "license": "ISC",
            "dependencies": {
                "@rbxts/compiler-types": "^1.2.3-types.1",
                "@rbxts/types": "^1.0.537",
                "@rbxts/validate-tree": "^2.0.0"
            }
        },
        "node_modules/@rbxts/compiler-types": {
            "version": "1.2.3-types.1",
            "resolved": "https://registry.npmjs.org/@rbxts/compiler-types/-/compiler-types-1.2.3-types.1.tgz",
            "integrity": "sha512-SXXIBazyJ7N6d2xcy471/kqZZpCv7EDOWrRJ45jcv3g00VQaZwYl4Elr10woqRloIblQanwJ7yUqGXAsWv7iuQ=="
        },
        "node_modules/@rbxts/types": {
            "version": "1.0.537",
            "resolved": "https://registry.npmjs.org/@rbxts/types/-/types-1.0.537.tgz",
            "integrity": "sha512-9orfH1YFf2ewZe3rxuPhRlPXLshUj4Ewx+F7Kn73i/Iu4C7InclLFSw2YaYz326MsjKycS7CvIu+ZDWoo7kq8Q=="
        },
        "node_modules/@rbxts/validate-tree": {
            "version": "2.0.0",
            "resolved": "https://registry.npmjs.org/@rbxts/validate-tree/-/validate-tree-2.0.0.tgz",
            "integrity": "sha512-MjB7VHT8u++jwOdWkhsfBvIueONw9rAcku42SzmeCc+pxv0+uFgFdAEtdbwmjmaI9VwzzsS9qKE4na5T+udWbg==",
            "dependencies": {
                "@rbxts/compiler-types": "^1.2.3-types.1",
                "@rbxts/types": "^1.0.537"
            }
        }
    },
    "dependencies": {
        "@rbxts/compiler-types": {
            "version": "1.2.3-types.1",
            "resolved": "https://registry.npmjs.org/@rbxts/compiler-types/-/compiler-types-1.2.3-types.1.tgz",
            "integrity": "sha512-SXXIBazyJ7N6d2xcy471/kqZZpCv7EDOWrRJ45jcv3g00VQaZwYl4Elr10woqRloIblQanwJ7yUqGXAsWv7iuQ=="
        },
        "@rbxts/types": {
            "version": "1.0.537",
            "resolved": "https://registry.npmjs.org/@rbxts/types/-/types-1.0.537.tgz",
            "integrity": "sha512-9orfH1YFf2ewZe3rxuPhRlPXLshUj4Ewx+F7Kn73i/Iu4C7InclLFSw2YaYz326MsjKycS7CvIu+ZDWoo7kq8Q=="
        },
        "@rbxts/validate-tree": {
            "version": "2.0.0",
            "resolved": "https://registry.npmjs.org/@rbxts/validate-tree/-/validate-tree-2.0.0.tgz",
            "integrity": "sha512-MjB7VHT8u++jwOdWkhsfBvIueONw9rAcku42SzmeCc+pxv0+uFgFdAEtdbwmjmaI9VwzzsS9qKE4na5T+udWbg==",
            "requires": {
                "@rbxts/compiler-types": "^1.2.3-types.1",
                "@rbxts/types": "^1.0.537"
            }
        }
    }
}
