{
    "name": "@rbxts/synced-poller",
    "version": "1.0.2",
    "lockfileVersion": 2,
    "requires": true,
    "packages": {
        "": {
            "name": "@rbxts/synced-poller",
            "version": "1.0.2",
            "license": "ISC",
            "dependencies": {
                "@rbxts/compiler-types": "^1.2.3-types.1",
                "@rbxts/delay-spawn-wait": "^1.0.0",
                "@rbxts/types": "^1.0.537"
            }
        },
        "node_modules/@rbxts/compiler-types": {
            "version": "1.2.3-types.1",
            "resolved": "https://registry.npmjs.org/@rbxts/compiler-types/-/compiler-types-1.2.3-types.1.tgz",
            "integrity": "sha512-SXXIBazyJ7N6d2xcy471/kqZZpCv7EDOWrRJ45jcv3g00VQaZwYl4Elr10woqRloIblQanwJ7yUqGXAsWv7iuQ=="
        },
        "node_modules/@rbxts/delay-spawn-wait": {
            "version": "1.0.3",
            "resolved": "https://registry.npmjs.org/@rbxts/delay-spawn-wait/-/delay-spawn-wait-1.0.3.tgz",
            "integrity": "sha512-FIofYErEgJJcq5iRrE+cvpNatodlE5TMfMva5V9DJr5K8mCAd5xoq8pdWGAvKUdoW0lrpDKsoWe1cwl97vX/5Q==",
            "dependencies": {
                "@rbxts/types": "^1.0.381"
            },
            "peerDependencies": {
                "@rbxts/types": "^1.0.235"
            }
        },
        "node_modules/@rbxts/types": {
            "version": "1.0.537",
            "resolved": "https://registry.npmjs.org/@rbxts/types/-/types-1.0.537.tgz",
            "integrity": "sha512-9orfH1YFf2ewZe3rxuPhRlPXLshUj4Ewx+F7Kn73i/Iu4C7InclLFSw2YaYz326MsjKycS7CvIu+ZDWoo7kq8Q=="
        }
    },
    "dependencies": {
        "@rbxts/compiler-types": {
            "version": "1.2.3-types.1",
            "resolved": "https://registry.npmjs.org/@rbxts/compiler-types/-/compiler-types-1.2.3-types.1.tgz",
            "integrity": "sha512-SXXIBazyJ7N6d2xcy471/kqZZpCv7EDOWrRJ45jcv3g00VQaZwYl4Elr10woqRloIblQanwJ7yUqGXAsWv7iuQ=="
        },
        "@rbxts/delay-spawn-wait": {
            "version": "1.0.3",
            "resolved": "https://registry.npmjs.org/@rbxts/delay-spawn-wait/-/delay-spawn-wait-1.0.3.tgz",
            "integrity": "sha512-FIofYErEgJJcq5iRrE+cvpNatodlE5TMfMva5V9DJr5K8mCAd5xoq8pdWGAvKUdoW0lrpDKsoWe1cwl97vX/5Q==",
            "requires": {
                "@rbxts/types": "^1.0.381"
            }
        },
        "@rbxts/types": {
            "version": "1.0.537",
            "resolved": "https://registry.npmjs.org/@rbxts/types/-/types-1.0.537.tgz",
            "integrity": "sha512-9orfH1YFf2ewZe3rxuPhRlPXLshUj4Ewx+F7Kn73i/Iu4C7InclLFSw2YaYz326MsjKycS7CvIu+ZDWoo7kq8Q=="
        }
    }
}
