{
    "name": "@rbxts/synced-poller",
    "version": "1.0.2",
    "lockfileVersion": 1,
    "requires": true,
    "dependencies": {
        "@rbxts/delay-spawn-wait": {
            "version": "0.0.1",
            "resolved": "https://registry.npmjs.org/@rbxts/delay-spawn-wait/-/delay-spawn-wait-0.0.1.tgz",
            "integrity": "sha512-ykvY832bsTGSez2OQTnf1qI9kIiKHqXHb6hKPGh1UT2+unnGQFdMwULAF6glKkcosXkkW08QC6wxr4A+rFxcoA==",
            "requires": {
                "@rbxts/types": "^1.0.381"
            }
        },
        "@rbxts/types": {
            "version": "1.0.381",
            "resolved": "https://registry.npmjs.org/@rbxts/types/-/types-1.0.381.tgz",
            "integrity": "sha512-fI5SRHXPdjvOaIWzAW9FcpmHnP6ftyuOXLi/3Sh957Qz19OIw3FnNFwpvuTor2anxTs9150z8Jni17B2pqDk1w=="
        }
    }
}
