{
    "name": "rbx-signal",
    "version": "1.0.2",
    "lockfileVersion": 1,
    "requires": true,
    "dependencies": {
        "@rbxts/types": {
            "version": "1.0.194",
            "resolved": "https://registry.npmjs.org/@rbxts/types/-/types-1.0.194.tgz",
            "integrity": "sha512-r+ROYdFeI0rY6/7T9I+gKrorOuqsLPozsFhM8lrN4RJGF9zL6NWbvRcp/TgSu/Y3BWFGhOOUrtu3ppQR5TzdgA=="
        }
    }
}
