{
    "name": "@rbxts/signal",
    "version": "1.0.2",
    "lockfileVersion": 1,
    "requires": true,
    "dependencies": {
        "@rbxts/compiler-types": {
            "version": "1.0.0-beta.14.0",
            "resolved": "https://registry.npmjs.org/@rbxts/compiler-types/-/compiler-types-1.0.0-beta.14.0.tgz",
            "integrity": "sha512-+HED2+jmya7Lilgd0WkvFymzntqrKIY676O8mohdhwuKxn4jziwqiWPl3DnSRdyTeTvriQ/FO76OrtfWyboqUw==",
            "dev": true
        },
        "@rbxts/types": {
            "version": "1.0.438",
            "resolved": "https://registry.npmjs.org/@rbxts/types/-/types-1.0.438.tgz",
            "integrity": "sha512-Z8ag+HxFXHJ1Jx4YKmQfq4RPZoOa/dzaLRJZsZHiknuP/rxF0NISWDogx5HbQPq9ocY5OUipbLEIB6qGPkqohQ==",
            "dev": true
        }
    }
}
