{
	"name": "tween",
	"version": "1.0.4",
	"lockfileVersion": 1,
	"requires": true,
	"dependencies": {
		"@rbxts/cubic-bezier": {
			"version": "1.0.2",
			"resolved": "https://registry.npmjs.org/@rbxts/cubic-bezier/-/cubic-bezier-1.0.2.tgz",
			"integrity": "sha512-g2z5pqUN1f8BO8nqjTbQyfIwVj9K2SoCLNPKmlez2iYqOpMn4VyNPPgac7f1y6MJrenqAa4BWMmTWwuI07gmLg=="
		},
		"@rbxts/easing-functions": {
			"version": "1.0.0",
			"resolved": "https://registry.npmjs.org/@rbxts/easing-functions/-/easing-functions-1.0.0.tgz",
			"integrity": "sha512-10n1S3B4HDCMDQFkyVOfNgY5Rf0+6xWt5dqJdWosKFIsGy35hMI0UswrRvGtgzTFoMZKvVHg0zBRT+0JXcp+9A==",
			"requires": {
				"@rbxts/cubic-bezier": "^1.0.2"
			}
		},
		"@rbxts/lerp-functions": {
			"version": "1.0.0",
			"resolved": "https://registry.npmjs.org/@rbxts/lerp-functions/-/lerp-functions-1.0.0.tgz",
			"integrity": "sha512-CCsICLGs6GJDIfIhcRh8j20Ux/qPmKn6Po0VlFpwBkEtVtpln+7z3LDqOY035OTVPbRi3SciXTB9QctYVe2AOA==",
			"requires": {
				"@rbxts/types": "^1.0.194"
			}
		},
		"@rbxts/types": {
			"version": "1.0.194",
			"resolved": "https://registry.npmjs.org/@rbxts/types/-/types-1.0.194.tgz",
			"integrity": "sha512-r+ROYdFeI0rY6/7T9I+gKrorOuqsLPozsFhM8lrN4RJGF9zL6NWbvRcp/TgSu/Y3BWFGhOOUrtu3ppQR5TzdgA=="
		}
	}
}
