{
  "name": "@rbxts/lerp-functions",
  "version": "1.0.0",
  "lockfileVersion": 1,
  "requires": true,
  "dependencies": {
    "@rbxts/types": {
      "version": "1.0.227",
      "resolved": "https://registry.npmjs.org/@rbxts/types/-/types-1.0.227.tgz",
      "integrity": "sha512-jcAEpzljzGHwI0pNax5GD2rz8EHYFeJ7uhtJWv7PxLwcrA8ZEWLo5Y7MlxbFRgM455QH5OWh5f/0L3T6I+1/Rg=="
    }
  }
}
