{
    "name": "@rbxts/yield-for-character",
    "version": "1.1.1",
    "lockfileVersion": 2,
    "requires": true,
    "packages": {
        "": {
            "name": "@rbxts/yield-for-character",
            "version": "1.1.1",
            "license": "ISC",
            "dependencies": {
                "@rbxts/compiler-types": "^1.0.0-beta.11.0",
                "@rbxts/types": "^1.0.519",
                "@rbxts/validate-tree": "^1.1.1"
            }
        },
        "node_modules/@rbxts/compiler-types": {
            "version": "1.0.0-types.0",
            "resolved": "https://registry.npmjs.org/@rbxts/compiler-types/-/compiler-types-1.0.0-types.0.tgz",
            "integrity": "sha512-DMYByLmapF5T04l1Jmg71BZNmR8sFhDt/aq9aV9X8JjnQimnCCBFK+FzdHh9Nx40D/o+k9vYn5aS58g8kISlYQ=="
        },
        "node_modules/@rbxts/types": {
            "version": "1.0.519",
            "resolved": "https://registry.npmjs.org/@rbxts/types/-/types-1.0.519.tgz",
            "integrity": "sha512-5K1YRTHJp9fNmkqYOJLzZas9PRDHVMRv7g4+LQKfdGr+OWIhnRCCN5JHdKzznD+6iy2JT/Z4zzWI7B0K0sHO0g=="
        },
        "node_modules/@rbxts/validate-tree": {
            "version": "1.1.1",
            "resolved": "https://registry.npmjs.org/@rbxts/validate-tree/-/validate-tree-1.1.1.tgz",
            "integrity": "sha512-0g3z3VfakbFqzwpc8KnpVEf8d//JgC3rD9ediIykSQQ2qDVF5ktcpjRactood9gFRQ9LAugd2kdrphFCww2E5Q==",
            "dependencies": {
                "@rbxts/compiler-types": "^1.0.0-beta.11.0",
                "@rbxts/types": "^1.0.431"
            },
            "peerDependencies": {
                "@rbxts/compiler-types": "^1.0.0-beta.11.0",
                "@rbxts/types": "^1.0.431"
            }
        }
    },
    "dependencies": {
        "@rbxts/compiler-types": {
            "version": "1.0.0-types.0",
            "resolved": "https://registry.npmjs.org/@rbxts/compiler-types/-/compiler-types-1.0.0-types.0.tgz",
            "integrity": "sha512-DMYByLmapF5T04l1Jmg71BZNmR8sFhDt/aq9aV9X8JjnQimnCCBFK+FzdHh9Nx40D/o+k9vYn5aS58g8kISlYQ=="
        },
        "@rbxts/types": {
            "version": "1.0.519",
            "resolved": "https://registry.npmjs.org/@rbxts/types/-/types-1.0.519.tgz",
            "integrity": "sha512-5K1YRTHJp9fNmkqYOJLzZas9PRDHVMRv7g4+LQKfdGr+OWIhnRCCN5JHdKzznD+6iy2JT/Z4zzWI7B0K0sHO0g=="
        },
        "@rbxts/validate-tree": {
            "version": "1.1.1",
            "resolved": "https://registry.npmjs.org/@rbxts/validate-tree/-/validate-tree-1.1.1.tgz",
            "integrity": "sha512-0g3z3VfakbFqzwpc8KnpVEf8d//JgC3rD9ediIykSQQ2qDVF5ktcpjRactood9gFRQ9LAugd2kdrphFCww2E5Q==",
            "requires": {
                "@rbxts/compiler-types": "^1.0.0-beta.11.0",
                "@rbxts/types": "^1.0.431"
            }
        }
    }
}
