{
  "name": "@rbxts/yield-for-character",
  "version": "1.0.11",
  "lockfileVersion": 1,
  "requires": true,
  "dependencies": {
    "@rbxts/types": {
      "version": "1.0.227",
      "resolved": "https://registry.npmjs.org/@rbxts/types/-/types-1.0.227.tgz",
      "integrity": "sha512-jcAEpzljzGHwI0pNax5GD2rz8EHYFeJ7uhtJWv7PxLwcrA8ZEWLo5Y7MlxbFRgM455QH5OWh5f/0L3T6I+1/Rg=="
    },
    "@rbxts/validate-tree": {
      "version": "1.0.1",
      "resolved": "https://registry.npmjs.org/@rbxts/validate-tree/-/validate-tree-1.0.1.tgz",
      "integrity": "sha512-U+/p+uqUYkS0MWrn/BvwFMJFZUCUG14XAAaK6sD4HJpLFhrM0dvmGcRNvqCFrLV1rv1KHne0ZhTNOe2CHuvhDw==",
      "requires": {
        "@rbxts/types": "^1.0.227"
      }
    }
  }
}
