{
    "name": "@rbxts/validate-tree",
    "version": "1.0.6",
    "lockfileVersion": 1,
    "requires": true,
    "dependencies": {
        "@rbxts/compiler-types": {
            "version": "1.0.0-beta.11.0",
            "resolved": "https://registry.npmjs.org/@rbxts/compiler-types/-/compiler-types-1.0.0-beta.11.0.tgz",
            "integrity": "sha512-iwtQEfxgTW/5hlG+iYevnWpwGRsEpYPV7PMh7h4zUHGzvKje3QKYzVoTyuVRrd3uv/jM+AQcUB15QRACxeY0IA==",
            "dev": true
        },
        "@rbxts/types": {
            "version": "1.0.431",
            "resolved": "https://registry.npmjs.org/@rbxts/types/-/types-1.0.431.tgz",
            "integrity": "sha512-bVF0kPsB8qdjR7+45giJ7M+hIGV++NmnmL9k5b2oA+p8IS+T8Elzffq1yVKI1Tq5UTzHqFXxoaybUb3/ERVn1Q==",
            "dev": true
        }
    }
}
