{
    "name": "@rbxts/validate-tree",
    "version": "1.0.4",
    "lockfileVersion": 1,
    "requires": true,
    "dependencies": {
        "@rbxts/types": {
            "version": "1.0.304",
            "resolved": "https://registry.npmjs.org/@rbxts/types/-/types-1.0.304.tgz",
            "integrity": "sha512-fwH6btAkxXKGoNmJiU1tuwWE39UW10bFKi6YDCSZSwetm4r9oUx6LuzhNHwrSjwcFYjve3A8dIZssLJbznlsew=="
        }
    }
}
