{
    "name": "@rbxts/validate-tree",
    "version": "1.0.4",
    "lockfileVersion": 1,
    "requires": true,
    "dependencies": {
        "@rbxts/types": {
            "version": "1.0.318",
            "resolved": "https://registry.npmjs.org/@rbxts/types/-/types-1.0.318.tgz",
            "integrity": "sha512-T2JGc0eBVUDpJvt4u56UgHRHDsOFTASMdiZqptrqRO152PAUVhnbjMgVnDoXhwetiLSRi6/jVaRTv1r1ameo9A=="
        }
    }
}
