{
    "name": "@rbxts/object-composer",
    "version": "1.0.0",
    "lockfileVersion": 1,
    "requires": true,
    "dependencies": {
        "@rbxts/types": {
            "version": "1.0.260",
            "resolved": "https://registry.npmjs.org/@rbxts/types/-/types-1.0.260.tgz",
            "integrity": "sha512-/Ou+NGVnifBWOcAKZMn4grtxEksCEwQE0pz/amUdEneCo+8GfruCnlokioNxfBD02YlGLc6ZAiXrgJJbn/qDfg=="
        }
    }
}
