{
    "name": "@rbxts/schema",
    "version": "0.0.1",
    "lockfileVersion": 1,
    "requires": true,
    "dependencies": {
        "@rbxts/types": {
            "version": "1.0.382",
            "resolved": "https://registry.npmjs.org/@rbxts/types/-/types-1.0.382.tgz",
            "integrity": "sha512-PI/ZeB/kIpUf6egqLiBM1bIZ5Z1K+rOzImgikfGtFuWObNERkJ7/9f0qpk0oi381R2K1Zp2aWk7FnQYQo/G4jQ=="
        }
    }
}
