{
	"name": "@rbxts/make",
	"version": "1.0.4",
	"lockfileVersion": 2,
	"requires": true,
	"packages": {
		"": {
			"name": "@rbxts/make",
			"version": "1.0.4",
			"license": "ISC",
			"dependencies": {
				"@rbxts/compiler-types": "^1.1.1-types.3",
				"@rbxts/types": "^1.0.471"
			},
			"peerDependencies": {
				"@rbxts/compiler-types": "^1.1.1-types.3",
				"@rbxts/types": "^1.0.471"
			}
		},
		"node_modules/@rbxts/compiler-types": {
			"version": "1.1.1-types.3",
			"resolved": "https://registry.npmjs.org/@rbxts/compiler-types/-/compiler-types-1.1.1-types.3.tgz",
			"integrity": "sha512-jTY9zvwALZOgbfQX6nKazV3clsYds2kO5BIb7KQw7nNq3cibhs0aO8Zy0ePr86IVhZfPe3eQLiioROuOY2y/1g==",
			"peer": true
		},
		"node_modules/@rbxts/types": {
			"version": "1.0.471",
			"resolved": "https://registry.npmjs.org/@rbxts/types/-/types-1.0.471.tgz",
			"integrity": "sha512-5g7guqTzCAOqgnYW1kek8EMSB57k5DO2cCx4YzL4qoY3tn1BrwYUvA05Mk1J6fK8fJTFTk5OycKOtMiy+FjcOA==",
			"peer": true
		}
	},
	"dependencies": {
		"@rbxts/compiler-types": {
			"version": "1.1.1-types.3",
			"resolved": "https://registry.npmjs.org/@rbxts/compiler-types/-/compiler-types-1.1.1-types.3.tgz",
			"integrity": "sha512-jTY9zvwALZOgbfQX6nKazV3clsYds2kO5BIb7KQw7nNq3cibhs0aO8Zy0ePr86IVhZfPe3eQLiioROuOY2y/1g==",
			"peer": true
		},
		"@rbxts/types": {
			"version": "1.0.471",
			"resolved": "https://registry.npmjs.org/@rbxts/types/-/types-1.0.471.tgz",
			"integrity": "sha512-5g7guqTzCAOqgnYW1kek8EMSB57k5DO2cCx4YzL4qoY3tn1BrwYUvA05Mk1J6fK8fJTFTk5OycKOtMiy+FjcOA==",
			"peer": true
		}
	}
}
