{
	"name": "@rbxts/make",
	"version": "1.0.0",
	"lockfileVersion": 1,
	"requires": true,
	"dependencies": {
		"@rbxts/types": {
			"version": "1.0.209",
			"resolved": "https://registry.npmjs.org/@rbxts/types/-/types-1.0.209.tgz",
			"integrity": "sha512-5O0rXgC7obMTgRd+KUUABVjxmreTgRzFVwiYQu70BleyDG4DRwu5UZa0MKGGUdaGrACmGrU3gCE5Fv1IXkiNoA=="
		}
	}
}
