{
	"name": "@rbxts/make",
	"version": "1.0.1",
	"lockfileVersion": 1,
	"requires": true,
	"dependencies": {
		"@rbxts/types": {
			"version": "1.0.350",
			"resolved": "https://registry.npmjs.org/@rbxts/types/-/types-1.0.350.tgz",
			"integrity": "sha512-3fbxk0SBiIjXuxoTB/pyVAbAHjrQassD5g1BYXYfSCFqmyct0zzfjIunFhIqvxq8cVu4/Pe0IK1x+tdgAZZAbA=="
		}
	}
}
