{
	"name": "@rbxts/date-time",
	"version": "0.0.0",
	"lockfileVersion": 1,
	"requires": true,
	"dependencies": {
		"@rbxts/types": {
			"version": "1.0.274",
			"resolved": "https://registry.npmjs.org/@rbxts/types/-/types-1.0.274.tgz",
			"integrity": "sha512-8+neFjYzQBAJYE+UbkihMC4KBnqGmqUnRXfmbOV1OEf+e+vFChabdI6WfCvuq2g16RC5v3EKtNQi2Ihx+uDfsg=="
		}
	}
}
