{
	"name": "@rbxts/easing-functions",
	"version": "1.1.0",
	"lockfileVersion": 1,
	"requires": true,
	"dependencies": {
		"@rbxts/cubic-bezier": {
			"version": "1.0.2",
			"resolved": "https://registry.npmjs.org/@rbxts/cubic-bezier/-/cubic-bezier-1.0.2.tgz",
			"integrity": "sha512-g2z5pqUN1f8BO8nqjTbQyfIwVj9K2SoCLNPKmlez2iYqOpMn4VyNPPgac7f1y6MJrenqAa4BWMmTWwuI07gmLg=="
		}
	}
}
