{
	"name": "@rbxts/delay-spawn-wait",
	"version": "2.0.0",
	"lockfileVersion": 1,
	"requires": true,
	"dependencies": {
		"@rbxts/compiler-types": {
			"version": "1.0.0-beta.15.0",
			"resolved": "https://registry.npmjs.org/@rbxts/compiler-types/-/compiler-types-1.0.0-beta.15.0.tgz",
			"integrity": "sha512-Tutr3dkD2bUOCeMIxHXHPYda0blPTZJ1KDRSj0TJ942QKSjxP4Pf09G/ZzySpX094uWLNndgGO9W9UmtmrvP6g=="
		},
		"@rbxts/types": {
			"version": "1.0.441",
			"resolved": "https://registry.npmjs.org/@rbxts/types/-/types-1.0.441.tgz",
			"integrity": "sha512-uPjojU10lXfbWeT2oh4NUbgcQfL13Tme/AO0VruRkDKSAObvspeA8rUe538awng+Ut3bpuxFVTXBXwYoMeqGtA=="
		}
	}
}
